
Microsoft Visual Studio Solution File, Format Version 12.00
# Visual Studio 15
VisualStudioVersion = 15.0.28307.271
MinimumVisualStudioVersion = 10.0.40219.1
Project("{888888A0-9F3D-457C-B088-3A5042F75D52}") = "WinApp", "WinApp\WinApp.pyproj", "{ECE73F2E-87CC-4075-82BF-7733ADCEB02A}"
EndProject
Global
	GlobalSection(SolutionConfigurationPlatforms) = preSolution
		Debug|Any CPU = Debug|Any CPU
		Release|Any CPU = Release|Any CPU
	EndGlobalSection
	GlobalSection(ProjectConfigurationPlatforms) = postSolution
		{ECE73F2E-87CC-4075-82BF-7733ADCEB02A}.Debug|Any CPU.ActiveCfg = Debug|Any CPU
		{ECE73F2E-87CC-4075-82BF-7733ADCEB02A}.Release|Any CPU.ActiveCfg = Release|Any CPU
	EndGlobalSection
	GlobalSection(SolutionProperties) = preSolution
		HideSolutionNode = FALSE
	EndGlobalSection
	GlobalSection(ExtensibilityGlobals) = postSolution
		SolutionGuid = {BFCBB19E-B14C-4FFB-B86C-DD72C6AA22C3}
	EndGlobalSection
EndGlobal
